
Microsoft Visual Studio Solution File, Format Version 12.00
# Visual Studio Version 16
VisualStudioVersion = 16.0.31424.327
MinimumVisualStudioVersion = 10.0.40219.1
Project("{FAE04EC0-301F-11D3-BF4B-00C04F79EFBC}") = "Copa-De-Filmes", "Copa-De-Filmes\Copa-De-Filmes.csproj", "{C74B283E-B0B8-40D8-B209-7F599E09CF42}"
EndProject
Global
	GlobalSection(SolutionConfigurationPlatforms) = preSolution
		Debug|Any CPU = Debug|Any CPU
		Release|Any CPU = Release|Any CPU
	EndGlobalSection
	GlobalSection(ProjectConfigurationPlatforms) = postSolution
		{C74B283E-B0B8-40D8-B209-7F599E09CF42}.Debug|Any CPU.ActiveCfg = Debug|Any CPU
		{C74B283E-B0B8-40D8-B209-7F599E09CF42}.Debug|Any CPU.Build.0 = Debug|Any CPU
		{C74B283E-B0B8-40D8-B209-7F599E09CF42}.Release|Any CPU.ActiveCfg = Release|Any CPU
		{C74B283E-B0B8-40D8-B209-7F599E09CF42}.Release|Any CPU.Build.0 = Release|Any CPU
	EndGlobalSection
	GlobalSection(SolutionProperties) = preSolution
		HideSolutionNode = FALSE
	EndGlobalSection
	GlobalSection(ExtensibilityGlobals) = postSolution
		SolutionGuid = {5AD3DBC1-3373-4FD1-A4F4-2E11453C435A}
	EndGlobalSection
EndGlobal
